
Microsoft Visual Studio Solution File, Format Version 12.00
# Visual Studio Version 17
VisualStudioVersion = 17.7.33927.210
MinimumVisualStudioVersion = 10.0.40219.1
Project("{FAE04EC0-301F-11D3-BF4B-00C04F79EFBC}") = "DemoWebApp", "DemoWebApp\DemoWebApp.csproj", "{419D365C-AEE4-47A3-86AD-E4D290EB2492}"
EndProject
Global
	GlobalSection(SolutionConfigurationPlatforms) = preSolution
		Debug|Any CPU = Debug|Any CPU
		Release|Any CPU = Release|Any CPU
	EndGlobalSection
	GlobalSection(ProjectConfigurationPlatforms) = postSolution
		{419D365C-AEE4-47A3-86AD-E4D290EB2492}.Debug|Any CPU.ActiveCfg = Debug|Any CPU
		{419D365C-AEE4-47A3-86AD-E4D290EB2492}.Debug|Any CPU.Build.0 = Debug|Any CPU
		{419D365C-AEE4-47A3-86AD-E4D290EB2492}.Release|Any CPU.ActiveCfg = Release|Any CPU
		{419D365C-AEE4-47A3-86AD-E4D290EB2492}.Release|Any CPU.Build.0 = Release|Any CPU
	EndGlobalSection
	GlobalSection(SolutionProperties) = preSolution
		HideSolutionNode = FALSE
	EndGlobalSection
	GlobalSection(ExtensibilityGlobals) = postSolution
		SolutionGuid = {FCE8C396-5E1E-4FAF-9358-579F530BEE48}
	EndGlobalSection
EndGlobal
